
Microsoft Visual Studio Solution File, Format Version 12.00
# Visual Studio Version 16
VisualStudioVersion = 16.0.30907.101
MinimumVisualStudioVersion = 10.0.40219.1
Project("{FAE04EC0-301F-11D3-BF4B-00C04F79EFBC}") = "Worthix.API", "Worthix.API\Worthix.API.csproj", "{CC32C91F-8954-4143-AFD5-609075B5710D}"
EndProject
Global
	GlobalSection(SolutionConfigurationPlatforms) = preSolution
		Debug|Any CPU = Debug|Any CPU
		Release|Any CPU = Release|Any CPU
	EndGlobalSection
	GlobalSection(ProjectConfigurationPlatforms) = postSolution
		{CC32C91F-8954-4143-AFD5-609075B5710D}.Debug|Any CPU.ActiveCfg = Debug|Any CPU
		{CC32C91F-8954-4143-AFD5-609075B5710D}.Debug|Any CPU.Build.0 = Debug|Any CPU
		{CC32C91F-8954-4143-AFD5-609075B5710D}.Release|Any CPU.ActiveCfg = Release|Any CPU
		{CC32C91F-8954-4143-AFD5-609075B5710D}.Release|Any CPU.Build.0 = Release|Any CPU
	EndGlobalSection
	GlobalSection(SolutionProperties) = preSolution
		HideSolutionNode = FALSE
	EndGlobalSection
	GlobalSection(ExtensibilityGlobals) = postSolution
		SolutionGuid = {DE199D86-BD52-48D0-88F0-D566C603CAFA}
	EndGlobalSection
EndGlobal
